
Microsoft Visual Studio Solution File, Format Version 12.00
# Visual Studio 15
VisualStudioVersion = 15.0.28307.539
MinimumVisualStudioVersion = 10.0.40219.1
Project("{FAE04EC0-301F-11D3-BF4B-00C04F79EFBC}") = "Ex03.GarageLogic", "Ex03.GarageLogic\Ex03.GarageLogic.csproj", "{B7019633-EF0D-460A-AAE4-E638993E8BF5}"
EndProject
Project("{FAE04EC0-301F-11D3-BF4B-00C04F79EFBC}") = "Ex03.ConsoleUI", "Ex03.ConsoleUI\Ex03.ConsoleUI.csproj", "{8B2A99CB-0EB4-4F03-9119-9FF6CCB2F174}"
EndProject
Project("{2150E333-8FDC-42A3-9474-1A3956D46DE8}") = "Solution Items", "Solution Items", "{CE5C888A-A301-4189-AAB9-D23A65914F89}"
	ProjectSection(SolutionItems) = preProject
		class diagram.docx = class diagram.docx
	EndProjectSection
EndProject
Global
	GlobalSection(SolutionConfigurationPlatforms) = preSolution
		Debug|Any CPU = Debug|Any CPU
		Release|Any CPU = Release|Any CPU
	EndGlobalSection
	GlobalSection(ProjectConfigurationPlatforms) = postSolution
		{B7019633-EF0D-460A-AAE4-E638993E8BF5}.Debug|Any CPU.ActiveCfg = Debug|Any CPU
		{B7019633-EF0D-460A-AAE4-E638993E8BF5}.Debug|Any CPU.Build.0 = Debug|Any CPU
		{B7019633-EF0D-460A-AAE4-E638993E8BF5}.Release|Any CPU.ActiveCfg = Release|Any CPU
		{B7019633-EF0D-460A-AAE4-E638993E8BF5}.Release|Any CPU.Build.0 = Release|Any CPU
		{8B2A99CB-0EB4-4F03-9119-9FF6CCB2F174}.Debug|Any CPU.ActiveCfg = Debug|Any CPU
		{8B2A99CB-0EB4-4F03-9119-9FF6CCB2F174}.Debug|Any CPU.Build.0 = Debug|Any CPU
		{8B2A99CB-0EB4-4F03-9119-9FF6CCB2F174}.Release|Any CPU.ActiveCfg = Release|Any CPU
		{8B2A99CB-0EB4-4F03-9119-9FF6CCB2F174}.Release|Any CPU.Build.0 = Release|Any CPU
	EndGlobalSection
	GlobalSection(SolutionProperties) = preSolution
		HideSolutionNode = FALSE
	EndGlobalSection
	GlobalSection(ExtensibilityGlobals) = postSolution
		SolutionGuid = {017EB861-8FB9-4493-A697-F4AEE6550C95}
	EndGlobalSection
EndGlobal
